
Microsoft Visual Studio Solution File, Format Version 12.00
# Visual Studio Version 17
VisualStudioVersion = 17.13.35825.156 d17.13
MinimumVisualStudioVersion = 10.0.40219.1
Project("{FAE04EC0-301F-11D3-BF4B-00C04F79EFBC}") = "Calculadora_projeto", "Calculadora_projeto.csproj", "{6DD358AF-A891-4C94-962F-293405FCDBF0}"
EndProject
Global
	GlobalSection(SolutionConfigurationPlatforms) = preSolution
		Debug|Any CPU = Debug|Any CPU
		Release|Any CPU = Release|Any CPU
	EndGlobalSection
	GlobalSection(ProjectConfigurationPlatforms) = postSolution
		{6DD358AF-A891-4C94-962F-293405FCDBF0}.Debug|Any CPU.ActiveCfg = Debug|Any CPU
		{6DD358AF-A891-4C94-962F-293405FCDBF0}.Debug|Any CPU.Build.0 = Debug|Any CPU
		{6DD358AF-A891-4C94-962F-293405FCDBF0}.Release|Any CPU.ActiveCfg = Release|Any CPU
		{6DD358AF-A891-4C94-962F-293405FCDBF0}.Release|Any CPU.Build.0 = Release|Any CPU
	EndGlobalSection
	GlobalSection(SolutionProperties) = preSolution
		HideSolutionNode = FALSE
	EndGlobalSection
	GlobalSection(ExtensibilityGlobals) = postSolution
		SolutionGuid = {672C6DEB-E68C-4830-879E-67604E0E9296}
	EndGlobalSection
EndGlobal
